
Microsoft Visual Studio Solution File, Format Version 12.00
# Visual Studio Version 17
VisualStudioVersion = 17.12.35527.113
MinimumVisualStudioVersion = 10.0.40219.1
Project("{FAE04EC0-301F-11D3-BF4B-00C04F79EFBC}") = "GaugeDotnet", "src\GaugeDotnet\GaugeDotnet.csproj", "{F8BC0F81-B66F-49D9-9DD5-C42B654B6E60}"
EndProject
Project("{2150E333-8FDC-42A3-9474-1A3956D46DE8}") = "RG35XX.NET", "RG35XX.NET", "{2C60F7B8-3040-4273-9F8E-EEA732421EDF}"
EndProject
Project("{FAE04EC0-301F-11D3-BF4B-00C04F79EFBC}") = "RG35XX.Core", "src\RG35XX.Core\RG35XX.Core.csproj", "{0683F70F-F533-4087-8053-996DFEB41BDF}"
EndProject
Project("{FAE04EC0-301F-11D3-BF4B-00C04F79EFBC}") = "RG35XX.Libraries", "src\RG35XX.Libraries\RG35XX.Libraries.csproj", "{4E6B2479-C439-4C8B-AB53-4C04155EC8B6}"
EndProject
Project("{2150E333-8FDC-42A3-9474-1A3956D46DE8}") = "src", "src", "{709465CC-2B86-4497-BDC7-1947B153345C}"
EndProject
Project("{FAE04EC0-301F-11D3-BF4B-00C04F79EFBC}") = "ME1_4NET", "src\ME1_4NET\ME1_4NET.csproj", "{E0388791-6714-4A6E-969E-3D970865C549}"
EndProject
Project("{FAE04EC0-301F-11D3-BF4B-00C04F79EFBC}") = "ME1_4NET.Tests", "src\ME1_4NET.Tests\ME1_4NET.Tests.csproj", "{496315B6-F9E5-429A-AD5D-9740C7744466}"
EndProject
Project("{2150E333-8FDC-42A3-9474-1A3956D46DE8}") = "ME1_4NET", "ME1_4NET", "{60762D92-AC8C-4138-A958-93C8A0F5BB92}"
EndProject
Global
	GlobalSection(SolutionConfigurationPlatforms) = preSolution
		Debug|Any CPU = Debug|Any CPU
		Release|Any CPU = Release|Any CPU
	EndGlobalSection
	GlobalSection(ProjectConfigurationPlatforms) = postSolution
		{F8BC0F81-B66F-49D9-9DD5-C42B654B6E60}.Debug|Any CPU.ActiveCfg = Debug|Any CPU
		{F8BC0F81-B66F-49D9-9DD5-C42B654B6E60}.Debug|Any CPU.Build.0 = Debug|Any CPU
		{F8BC0F81-B66F-49D9-9DD5-C42B654B6E60}.Release|Any CPU.ActiveCfg = Release|Any CPU
		{F8BC0F81-B66F-49D9-9DD5-C42B654B6E60}.Release|Any CPU.Build.0 = Release|Any CPU
		{0683F70F-F533-4087-8053-996DFEB41BDF}.Debug|Any CPU.ActiveCfg = Debug|Any CPU
		{0683F70F-F533-4087-8053-996DFEB41BDF}.Debug|Any CPU.Build.0 = Debug|Any CPU
		{0683F70F-F533-4087-8053-996DFEB41BDF}.Release|Any CPU.ActiveCfg = Release|Any CPU
		{0683F70F-F533-4087-8053-996DFEB41BDF}.Release|Any CPU.Build.0 = Release|Any CPU
		{4E6B2479-C439-4C8B-AB53-4C04155EC8B6}.Debug|Any CPU.ActiveCfg = Debug|Any CPU
		{4E6B2479-C439-4C8B-AB53-4C04155EC8B6}.Debug|Any CPU.Build.0 = Debug|Any CPU
		{4E6B2479-C439-4C8B-AB53-4C04155EC8B6}.Release|Any CPU.ActiveCfg = Release|Any CPU
		{4E6B2479-C439-4C8B-AB53-4C04155EC8B6}.Release|Any CPU.Build.0 = Release|Any CPU
		{E0388791-6714-4A6E-969E-3D970865C549}.Debug|Any CPU.ActiveCfg = Debug|Any CPU
		{E0388791-6714-4A6E-969E-3D970865C549}.Debug|Any CPU.Build.0 = Debug|Any CPU
		{E0388791-6714-4A6E-969E-3D970865C549}.Release|Any CPU.ActiveCfg = Release|Any CPU
		{E0388791-6714-4A6E-969E-3D970865C549}.Release|Any CPU.Build.0 = Release|Any CPU
		{496315B6-F9E5-429A-AD5D-9740C7744466}.Debug|Any CPU.ActiveCfg = Debug|Any CPU
		{496315B6-F9E5-429A-AD5D-9740C7744466}.Debug|Any CPU.Build.0 = Debug|Any CPU
		{496315B6-F9E5-429A-AD5D-9740C7744466}.Release|Any CPU.ActiveCfg = Release|Any CPU
		{496315B6-F9E5-429A-AD5D-9740C7744466}.Release|Any CPU.Build.0 = Release|Any CPU
	EndGlobalSection
	GlobalSection(SolutionProperties) = preSolution
		HideSolutionNode = FALSE
	EndGlobalSection
	GlobalSection(NestedProjects) = preSolution
		{F8BC0F81-B66F-49D9-9DD5-C42B654B6E60} = {709465CC-2B86-4497-BDC7-1947B153345C}
		{2C60F7B8-3040-4273-9F8E-EEA732421EDF} = {709465CC-2B86-4497-BDC7-1947B153345C}
		{0683F70F-F533-4087-8053-996DFEB41BDF} = {2C60F7B8-3040-4273-9F8E-EEA732421EDF}
		{4E6B2479-C439-4C8B-AB53-4C04155EC8B6} = {2C60F7B8-3040-4273-9F8E-EEA732421EDF}
		{E0388791-6714-4A6E-969E-3D970865C549} = {60762D92-AC8C-4138-A958-93C8A0F5BB92}
		{496315B6-F9E5-429A-AD5D-9740C7744466} = {60762D92-AC8C-4138-A958-93C8A0F5BB92}
		{60762D92-AC8C-4138-A958-93C8A0F5BB92} = {709465CC-2B86-4497-BDC7-1947B153345C}
	EndGlobalSection
EndGlobal
